
Microsoft Visual Studio Solution File, Format Version 12.00
# Visual Studio Version 17
VisualStudioVersion = 17.2.32602.215
MinimumVisualStudioVersion = 10.0.40219.1
Project("{FAE04EC0-301F-11D3-BF4B-00C04F79EFBC}") = "Biblioteka.Infrastruktura", "Biblioteka.Infrastruktura\Biblioteka.Infrastruktura.csproj", "{BD88D713-B347-4314-B2E4-703F0F88FBC2}"
EndProject
Project("{FAE04EC0-301F-11D3-BF4B-00C04F79EFBC}") = "Biblioteka.Domen", "Biblioteka.Domen\Biblioteka.Domen.csproj", "{491079CB-0981-49AD-9E81-A4F757936290}"
EndProject
Project("{FAE04EC0-301F-11D3-BF4B-00C04F79EFBC}") = "Biblioteka.Aplikacija", "Biblioteka.Aplikacija\Biblioteka.Aplikacija.csproj", "{F6D6F400-BD0E-4849-B454-7DEF4A1E54B8}"
EndProject
Project("{FAE04EC0-301F-11D3-BF4B-00C04F79EFBC}") = "Biblioteka.Interfejs", "Biblioteka.Interfejs\Biblioteka.Interfejs.csproj", "{B69CB37D-5B01-4875-8A97-EDD0160FDEF9}"
EndProject
Global
	GlobalSection(SolutionConfigurationPlatforms) = preSolution
		Debug|Any CPU = Debug|Any CPU
		Release|Any CPU = Release|Any CPU
	EndGlobalSection
	GlobalSection(ProjectConfigurationPlatforms) = postSolution
		{BD88D713-B347-4314-B2E4-703F0F88FBC2}.Debug|Any CPU.ActiveCfg = Debug|Any CPU
		{BD88D713-B347-4314-B2E4-703F0F88FBC2}.Debug|Any CPU.Build.0 = Debug|Any CPU
		{BD88D713-B347-4314-B2E4-703F0F88FBC2}.Release|Any CPU.ActiveCfg = Release|Any CPU
		{BD88D713-B347-4314-B2E4-703F0F88FBC2}.Release|Any CPU.Build.0 = Release|Any CPU
		{491079CB-0981-49AD-9E81-A4F757936290}.Debug|Any CPU.ActiveCfg = Debug|Any CPU
		{491079CB-0981-49AD-9E81-A4F757936290}.Debug|Any CPU.Build.0 = Debug|Any CPU
		{491079CB-0981-49AD-9E81-A4F757936290}.Release|Any CPU.ActiveCfg = Release|Any CPU
		{491079CB-0981-49AD-9E81-A4F757936290}.Release|Any CPU.Build.0 = Release|Any CPU
		{F6D6F400-BD0E-4849-B454-7DEF4A1E54B8}.Debug|Any CPU.ActiveCfg = Debug|Any CPU
		{F6D6F400-BD0E-4849-B454-7DEF4A1E54B8}.Debug|Any CPU.Build.0 = Debug|Any CPU
		{F6D6F400-BD0E-4849-B454-7DEF4A1E54B8}.Release|Any CPU.ActiveCfg = Release|Any CPU
		{F6D6F400-BD0E-4849-B454-7DEF4A1E54B8}.Release|Any CPU.Build.0 = Release|Any CPU
		{B69CB37D-5B01-4875-8A97-EDD0160FDEF9}.Debug|Any CPU.ActiveCfg = Debug|Any CPU
		{B69CB37D-5B01-4875-8A97-EDD0160FDEF9}.Debug|Any CPU.Build.0 = Debug|Any CPU
		{B69CB37D-5B01-4875-8A97-EDD0160FDEF9}.Release|Any CPU.ActiveCfg = Release|Any CPU
		{B69CB37D-5B01-4875-8A97-EDD0160FDEF9}.Release|Any CPU.Build.0 = Release|Any CPU
	EndGlobalSection
	GlobalSection(SolutionProperties) = preSolution
		HideSolutionNode = FALSE
	EndGlobalSection
	GlobalSection(ExtensibilityGlobals) = postSolution
		SolutionGuid = {D3E808DF-A1AE-4EFE-8848-2B9ACCC692A1}
	EndGlobalSection
EndGlobal
